
Microsoft Visual Studio Solution File, Format Version 11.00
# Visual Studio 2010
Project("{FAE04EC0-301F-11D3-BF4B-00C04F79EFBC}") = "ChessComposition", "ChessComposition\ChessComposition.csproj", "{6C5FCFEA-0C5E-46DC-A28F-56AE8521230D}"
EndProject
Project("{FAE04EC0-301F-11D3-BF4B-00C04F79EFBC}") = "UnitTests", "ChessCompositionTests\UnitTests.csproj", "{B50A41C7-A0F0-4A35-B195-FE7834C8AFE6}"
EndProject
Project("{2150E333-8FDC-42A3-9474-1A3956D46DE8}") = "Solution Items", "Solution Items", "{A57626D5-0197-4D18-839F-13B1656C6E6F}"
EndProject
Project("{FAE04EC0-301F-11D3-BF4B-00C04F79EFBC}") = "ShapeComposition", "ShapeComposition\ShapeComposition.csproj", "{F8150235-F704-4328-B56B-92B86D433DBE}"
EndProject
Global
	GlobalSection(SolutionConfigurationPlatforms) = preSolution
		Debug|Any CPU = Debug|Any CPU
		Debug|Mixed Platforms = Debug|Mixed Platforms
		Debug|x86 = Debug|x86
		Release|Any CPU = Release|Any CPU
		Release|Mixed Platforms = Release|Mixed Platforms
		Release|x86 = Release|x86
	EndGlobalSection
	GlobalSection(ProjectConfigurationPlatforms) = postSolution
		{6C5FCFEA-0C5E-46DC-A28F-56AE8521230D}.Debug|Any CPU.ActiveCfg = Debug|Any CPU
		{6C5FCFEA-0C5E-46DC-A28F-56AE8521230D}.Debug|Any CPU.Build.0 = Debug|Any CPU
		{6C5FCFEA-0C5E-46DC-A28F-56AE8521230D}.Debug|Mixed Platforms.ActiveCfg = Debug|Any CPU
		{6C5FCFEA-0C5E-46DC-A28F-56AE8521230D}.Debug|Mixed Platforms.Build.0 = Debug|Any CPU
		{6C5FCFEA-0C5E-46DC-A28F-56AE8521230D}.Debug|x86.ActiveCfg = Debug|Any CPU
		{6C5FCFEA-0C5E-46DC-A28F-56AE8521230D}.Release|Any CPU.ActiveCfg = Release|Any CPU
		{6C5FCFEA-0C5E-46DC-A28F-56AE8521230D}.Release|Any CPU.Build.0 = Release|Any CPU
		{6C5FCFEA-0C5E-46DC-A28F-56AE8521230D}.Release|Mixed Platforms.ActiveCfg = Release|Any CPU
		{6C5FCFEA-0C5E-46DC-A28F-56AE8521230D}.Release|Mixed Platforms.Build.0 = Release|Any CPU
		{6C5FCFEA-0C5E-46DC-A28F-56AE8521230D}.Release|x86.ActiveCfg = Release|Any CPU
		{B50A41C7-A0F0-4A35-B195-FE7834C8AFE6}.Debug|Any CPU.ActiveCfg = Debug|Any CPU
		{B50A41C7-A0F0-4A35-B195-FE7834C8AFE6}.Debug|Any CPU.Build.0 = Debug|Any CPU
		{B50A41C7-A0F0-4A35-B195-FE7834C8AFE6}.Debug|Mixed Platforms.ActiveCfg = Debug|Any CPU
		{B50A41C7-A0F0-4A35-B195-FE7834C8AFE6}.Debug|Mixed Platforms.Build.0 = Debug|Any CPU
		{B50A41C7-A0F0-4A35-B195-FE7834C8AFE6}.Debug|x86.ActiveCfg = Debug|Any CPU
		{B50A41C7-A0F0-4A35-B195-FE7834C8AFE6}.Release|Any CPU.ActiveCfg = Release|Any CPU
		{B50A41C7-A0F0-4A35-B195-FE7834C8AFE6}.Release|Any CPU.Build.0 = Release|Any CPU
		{B50A41C7-A0F0-4A35-B195-FE7834C8AFE6}.Release|Mixed Platforms.ActiveCfg = Release|Any CPU
		{B50A41C7-A0F0-4A35-B195-FE7834C8AFE6}.Release|Mixed Platforms.Build.0 = Release|Any CPU
		{B50A41C7-A0F0-4A35-B195-FE7834C8AFE6}.Release|x86.ActiveCfg = Release|Any CPU
		{F8150235-F704-4328-B56B-92B86D433DBE}.Debug|Any CPU.ActiveCfg = Debug|Any CPU
		{F8150235-F704-4328-B56B-92B86D433DBE}.Debug|Any CPU.Build.0 = Debug|Any CPU
		{F8150235-F704-4328-B56B-92B86D433DBE}.Debug|Mixed Platforms.ActiveCfg = Debug|Any CPU
		{F8150235-F704-4328-B56B-92B86D433DBE}.Debug|Mixed Platforms.Build.0 = Debug|Any CPU
		{F8150235-F704-4328-B56B-92B86D433DBE}.Debug|x86.ActiveCfg = Debug|Any CPU
		{F8150235-F704-4328-B56B-92B86D433DBE}.Release|Any CPU.ActiveCfg = Release|Any CPU
		{F8150235-F704-4328-B56B-92B86D433DBE}.Release|Any CPU.Build.0 = Release|Any CPU
		{F8150235-F704-4328-B56B-92B86D433DBE}.Release|Mixed Platforms.ActiveCfg = Release|Any CPU
		{F8150235-F704-4328-B56B-92B86D433DBE}.Release|Mixed Platforms.Build.0 = Release|Any CPU
		{F8150235-F704-4328-B56B-92B86D433DBE}.Release|x86.ActiveCfg = Release|Any CPU
	EndGlobalSection
	GlobalSection(SolutionProperties) = preSolution
		HideSolutionNode = FALSE
	EndGlobalSection
EndGlobal
