
Microsoft Visual Studio Solution File, Format Version 12.00
# Visual Studio 15
VisualStudioVersion = 15.0.27428.2015
MinimumVisualStudioVersion = 10.0.40219.1
Project("{FAE04EC0-301F-11D3-BF4B-00C04F79EFBC}") = "Pets", "Pets\Pets.csproj", "{0D7F75A7-BE47-4C7A-9279-C6706524C6D2}"
EndProject
Global
	GlobalSection(SolutionConfigurationPlatforms) = preSolution
		Debug|Any CPU = Debug|Any CPU
		Release|Any CPU = Release|Any CPU
	EndGlobalSection
	GlobalSection(ProjectConfigurationPlatforms) = postSolution
		{0D7F75A7-BE47-4C7A-9279-C6706524C6D2}.Debug|Any CPU.ActiveCfg = Debug|Any CPU
		{0D7F75A7-BE47-4C7A-9279-C6706524C6D2}.Debug|Any CPU.Build.0 = Debug|Any CPU
		{0D7F75A7-BE47-4C7A-9279-C6706524C6D2}.Release|Any CPU.ActiveCfg = Release|Any CPU
		{0D7F75A7-BE47-4C7A-9279-C6706524C6D2}.Release|Any CPU.Build.0 = Release|Any CPU
	EndGlobalSection
	GlobalSection(SolutionProperties) = preSolution
		HideSolutionNode = FALSE
	EndGlobalSection
	GlobalSection(ExtensibilityGlobals) = postSolution
		SolutionGuid = {F0CD9725-3B9F-4CA5-9BDA-A5D7F06C2A29}
	EndGlobalSection
EndGlobal
